// !$*UTF8*$!
{
	archiveVersion = 1;
	classes = {
	};
	objectVersion = 56;
	objects = {

/* Begin PBXBuildFile section */
		95282CA42BACAAAA00DC634B /* Tiktok_CLoneApp.swift in Sources */ = {isa = PBXBuildFile; fileRef = 95282CA32BACAAAA00DC634B /* Tiktok_CLoneApp.swift */; };
		95282CA62BACAAAA00DC634B /* ContentView.swift in Sources */ = {isa = PBXBuildFile; fileRef = 95282CA52BACAAAA00DC634B /* ContentView.swift */; };
		95282CA82BACAAAB00DC634B /* Assets.xcassets in Resources */ = {isa = PBXBuildFile; fileRef = 95282CA72BACAAAB00DC634B /* Assets.xcassets */; };
		95282CAB2BACAAAB00DC634B /* Preview Assets.xcassets in Resources */ = {isa = PBXBuildFile; fileRef = 95282CAA2BACAAAB00DC634B /* Preview Assets.xcassets */; };
		95282CC42BADCFD100DC634B /* MainTabView.swift in Sources */ = {isa = PBXBuildFile; fileRef = 95282CC32BADCFD100DC634B /* MainTabView.swift */; };
		95282CC62BADD6D400DC634B /* FeedView.swift in Sources */ = {isa = PBXBuildFile; fileRef = 95282CC52BADD6D400DC634B /* FeedView.swift */; };
		95282CC82BADD93500DC634B /* FeedCell.swift in Sources */ = {isa = PBXBuildFile; fileRef = 95282CC72BADD93500DC634B /* FeedCell.swift */; };
		95282CCA2BADE56800DC634B /* ExploreView.swift in Sources */ = {isa = PBXBuildFile; fileRef = 95282CC92BADE56800DC634B /* ExploreView.swift */; };
		95282CCC2BADE59300DC634B /* UserCell.swift in Sources */ = {isa = PBXBuildFile; fileRef = 95282CCB2BADE59300DC634B /* UserCell.swift */; };
		95282CCE2BAF24FB00DC634B /* NotificationsView.swift in Sources */ = {isa = PBXBuildFile; fileRef = 95282CCD2BAF24FB00DC634B /* NotificationsView.swift */; };
		95282CD02BAF251200DC634B /* NotificationsCell.swift in Sources */ = {isa = PBXBuildFile; fileRef = 95282CCF2BAF251200DC634B /* NotificationsCell.swift */; };
		95282CD22BAF2BE700DC634B /* CurrentUserProfileView.swift in Sources */ = {isa = PBXBuildFile; fileRef = 95282CD12BAF2BE700DC634B /* CurrentUserProfileView.swift */; };
		95282CD42BAF2D5200DC634B /* ProfileHeaderView.swift in Sources */ = {isa = PBXBuildFile; fileRef = 95282CD32BAF2D5200DC634B /* ProfileHeaderView.swift */; };
		95282CD62BAF2D9900DC634B /* PostGridView.swift in Sources */ = {isa = PBXBuildFile; fileRef = 95282CD52BAF2D9900DC634B /* PostGridView.swift */; };
		95282CDA2BAF343400DC634B /* UserStatsView.swift in Sources */ = {isa = PBXBuildFile; fileRef = 95282CD92BAF343400DC634B /* UserStatsView.swift */; };
		958A76DC2BB078D0006CACBE /* Post.swift in Sources */ = {isa = PBXBuildFile; fileRef = 958A76DB2BB078D0006CACBE /* Post.swift */; };
		958A76E12BB07979006CACBE /* FeedViewModel.swift in Sources */ = {isa = PBXBuildFile; fileRef = 958A76E02BB07979006CACBE /* FeedViewModel.swift */; };
		958A76E32BB0D141006CACBE /* CustomVideoPlayer.swift in Sources */ = {isa = PBXBuildFile; fileRef = 958A76E22BB0D141006CACBE /* CustomVideoPlayer.swift */; };
		958A76EA2BB1E895006CACBE /* LoginView.swift in Sources */ = {isa = PBXBuildFile; fileRef = 958A76E92BB1E895006CACBE /* LoginView.swift */; };
		958A76EC2BB1E8A4006CACBE /* RegistrationView.swift in Sources */ = {isa = PBXBuildFile; fileRef = 958A76EB2BB1E8A4006CACBE /* RegistrationView.swift */; };
		958A76EE2BB1EF7C006CACBE /* StandardTextFieldModifier.swift in Sources */ = {isa = PBXBuildFile; fileRef = 958A76ED2BB1EF7C006CACBE /* StandardTextFieldModifier.swift */; };
		958A76F02BB31799006CACBE /* AuthenticationFormProtocol.swift in Sources */ = {isa = PBXBuildFile; fileRef = 958A76EF2BB31799006CACBE /* AuthenticationFormProtocol.swift */; };
		958A76F22BB3286D006CACBE /* GoogleService-Info.plist in Resources */ = {isa = PBXBuildFile; fileRef = 958A76F12BB3286D006CACBE /* GoogleService-Info.plist */; };
		958A76F52BB32AC6006CACBE /* FirebaseAnalytics in Frameworks */ = {isa = PBXBuildFile; productRef = 958A76F42BB32AC6006CACBE /* FirebaseAnalytics */; };
		958A76F72BB32AC6006CACBE /* FirebaseAnalyticsOnDeviceConversion in Frameworks */ = {isa = PBXBuildFile; productRef = 958A76F62BB32AC6006CACBE /* FirebaseAnalyticsOnDeviceConversion */; };
		958A76F92BB32AC6006CACBE /* FirebaseAnalyticsSwift in Frameworks */ = {isa = PBXBuildFile; productRef = 958A76F82BB32AC6006CACBE /* FirebaseAnalyticsSwift */; };
		958A76FB2BB32AC6006CACBE /* FirebaseAnalyticsWithoutAdIdSupport in Frameworks */ = {isa = PBXBuildFile; productRef = 958A76FA2BB32AC6006CACBE /* FirebaseAnalyticsWithoutAdIdSupport */; };
		958A76FD2BB32AC6006CACBE /* FirebaseAppCheck in Frameworks */ = {isa = PBXBuildFile; productRef = 958A76FC2BB32AC6006CACBE /* FirebaseAppCheck */; };
		958A76FF2BB32AC6006CACBE /* FirebaseAppDistribution-Beta in Frameworks */ = {isa = PBXBuildFile; productRef = 958A76FE2BB32AC6006CACBE /* FirebaseAppDistribution-Beta */; };
		958A77012BB32AC6006CACBE /* FirebaseAuth in Frameworks */ = {isa = PBXBuildFile; productRef = 958A77002BB32AC6006CACBE /* FirebaseAuth */; };
		958A77032BB32AC6006CACBE /* FirebaseAuthCombine-Community in Frameworks */ = {isa = PBXBuildFile; productRef = 958A77022BB32AC6006CACBE /* FirebaseAuthCombine-Community */; };
		958A77052BB32AC6006CACBE /* FirebaseCrashlytics in Frameworks */ = {isa = PBXBuildFile; productRef = 958A77042BB32AC6006CACBE /* FirebaseCrashlytics */; };
		958A77072BB32AC6006CACBE /* FirebaseDatabase in Frameworks */ = {isa = PBXBuildFile; productRef = 958A77062BB32AC6006CACBE /* FirebaseDatabase */; };
		958A77092BB32AC6006CACBE /* FirebaseDatabaseSwift in Frameworks */ = {isa = PBXBuildFile; productRef = 958A77082BB32AC6006CACBE /* FirebaseDatabaseSwift */; };
		958A770B2BB32AC6006CACBE /* FirebaseDynamicLinks in Frameworks */ = {isa = PBXBuildFile; productRef = 958A770A2BB32AC6006CACBE /* FirebaseDynamicLinks */; };
		958A770D2BB32AC6006CACBE /* FirebaseFirestore in Frameworks */ = {isa = PBXBuildFile; productRef = 958A770C2BB32AC6006CACBE /* FirebaseFirestore */; };
		958A770F2BB32AC6006CACBE /* FirebaseFirestoreCombine-Community in Frameworks */ = {isa = PBXBuildFile; productRef = 958A770E2BB32AC6006CACBE /* FirebaseFirestoreCombine-Community */; };
		958A77112BB32AC6006CACBE /* FirebaseFirestoreSwift in Frameworks */ = {isa = PBXBuildFile; productRef = 958A77102BB32AC6006CACBE /* FirebaseFirestoreSwift */; };
		958A77132BB32AC6006CACBE /* FirebaseFunctions in Frameworks */ = {isa = PBXBuildFile; productRef = 958A77122BB32AC6006CACBE /* FirebaseFunctions */; };
		958A77152BB32AC6006CACBE /* FirebaseFunctionsCombine-Community in Frameworks */ = {isa = PBXBuildFile; productRef = 958A77142BB32AC6006CACBE /* FirebaseFunctionsCombine-Community */; };
		958A77172BB32AC6006CACBE /* FirebaseInAppMessaging-Beta in Frameworks */ = {isa = PBXBuildFile; productRef = 958A77162BB32AC6006CACBE /* FirebaseInAppMessaging-Beta */; };
		958A77192BB32AC6006CACBE /* FirebaseInAppMessagingSwift-Beta in Frameworks */ = {isa = PBXBuildFile; productRef = 958A77182BB32AC6006CACBE /* FirebaseInAppMessagingSwift-Beta */; };
		958A771B2BB32AC6006CACBE /* FirebaseInstallations in Frameworks */ = {isa = PBXBuildFile; productRef = 958A771A2BB32AC6006CACBE /* FirebaseInstallations */; };
		958A771D2BB32AC6006CACBE /* FirebaseMLModelDownloader in Frameworks */ = {isa = PBXBuildFile; productRef = 958A771C2BB32AC6006CACBE /* FirebaseMLModelDownloader */; };
		958A771F2BB32AC6006CACBE /* FirebaseMessaging in Frameworks */ = {isa = PBXBuildFile; productRef = 958A771E2BB32AC6006CACBE /* FirebaseMessaging */; };
		958A77212BB32AC6006CACBE /* FirebasePerformance in Frameworks */ = {isa = PBXBuildFile; productRef = 958A77202BB32AC6006CACBE /* FirebasePerformance */; };
		958A77232BB32AC6006CACBE /* FirebaseRemoteConfig in Frameworks */ = {isa = PBXBuildFile; productRef = 958A77222BB32AC6006CACBE /* FirebaseRemoteConfig */; };
		958A77252BB32AC6006CACBE /* FirebaseRemoteConfigSwift in Frameworks */ = {isa = PBXBuildFile; productRef = 958A77242BB32AC6006CACBE /* FirebaseRemoteConfigSwift */; };
		958A77272BB32AC6006CACBE /* FirebaseStorage in Frameworks */ = {isa = PBXBuildFile; productRef = 958A77262BB32AC6006CACBE /* FirebaseStorage */; };
		958A77292BB32AC6006CACBE /* FirebaseStorageCombine-Community in Frameworks */ = {isa = PBXBuildFile; productRef = 958A77282BB32AC6006CACBE /* FirebaseStorageCombine-Community */; };
		958A772B2BB33358006CACBE /* AuthService.swift in Sources */ = {isa = PBXBuildFile; fileRef = 958A772A2BB33358006CACBE /* AuthService.swift */; };
		958A772D2BB334B0006CACBE /* LoginViewModel.swift in Sources */ = {isa = PBXBuildFile; fileRef = 958A772C2BB334B0006CACBE /* LoginViewModel.swift */; };
		958A772F2BB33AF7006CACBE /* RegistrationViewModel.swift in Sources */ = {isa = PBXBuildFile; fileRef = 958A772E2BB33AF7006CACBE /* RegistrationViewModel.swift */; };
		958A77312BB37D5D006CACBE /* ContentViewModel.swift in Sources */ = {isa = PBXBuildFile; fileRef = 958A77302BB37D5D006CACBE /* ContentViewModel.swift */; };
		958A77332BB7009E006CACBE /* User.swift in Sources */ = {isa = PBXBuildFile; fileRef = 958A77322BB7009D006CACBE /* User.swift */; };
		958A77352BB70149006CACBE /* UserService.swift in Sources */ = {isa = PBXBuildFile; fileRef = 958A77342BB70149006CACBE /* UserService.swift */; };
		958A77372BB735BB006CACBE /* PreviewProvider.swift in Sources */ = {isa = PBXBuildFile; fileRef = 958A77362BB735BB006CACBE /* PreviewProvider.swift */; };
		958A773B2BB73B11006CACBE /* SearchViewModel.swift in Sources */ = {isa = PBXBuildFile; fileRef = 958A773A2BB73B11006CACBE /* SearchViewModel.swift */; };
		958A773D2BBAFABB006CACBE /* UserProfileView.swift in Sources */ = {isa = PBXBuildFile; fileRef = 958A773C2BBAFABB006CACBE /* UserProfileView.swift */; };
		958A773F2BBB0B81006CACBE /* FirestoreConstants.swift in Sources */ = {isa = PBXBuildFile; fileRef = 958A773E2BBB0B81006CACBE /* FirestoreConstants.swift */; };
		958A77432BBB2C94006CACBE /* EditProfileView.swift in Sources */ = {isa = PBXBuildFile; fileRef = 958A77422BBB2C94006CACBE /* EditProfileView.swift */; };
/* End PBXBuildFile section */

/* Begin PBXFileReference section */
		95282CA02BACAAAA00DC634B /* Tiktok CLone.app */ = {isa = PBXFileReference; explicitFileType = wrapper.application; includeInIndex = 0; path = "Tiktok CLone.app"; sourceTree = BUILT_PRODUCTS_DIR; };
		95282CA32BACAAAA00DC634B /* Tiktok_CLoneApp.swift */ = {isa = PBXFileReference; lastKnownFileType = sourcecode.swift; path = Tiktok_CLoneApp.swift; sourceTree = "<group>"; };
		95282CA52BACAAAA00DC634B /* ContentView.swift */ = {isa = PBXFileReference; lastKnownFileType = sourcecode.swift; path = ContentView.swift; sourceTree = "<group>"; };
		95282CA72BACAAAB00DC634B /* Assets.xcassets */ = {isa = PBXFileReference; lastKnownFileType = folder.assetcatalog; path = Assets.xcassets; sourceTree = "<group>"; };
		95282CAA2BACAAAB00DC634B /* Preview Assets.xcassets */ = {isa = PBXFileReference; lastKnownFileType = folder.assetcatalog; path = "Preview Assets.xcassets"; sourceTree = "<group>"; };
		95282CC32BADCFD100DC634B /* MainTabView.swift */ = {isa = PBXFileReference; lastKnownFileType = sourcecode.swift; path = MainTabView.swift; sourceTree = "<group>"; };
		95282CC52BADD6D400DC634B /* FeedView.swift */ = {isa = PBXFileReference; lastKnownFileType = sourcecode.swift; path = FeedView.swift; sourceTree = "<group>"; };
		95282CC72BADD93500DC634B /* FeedCell.swift */ = {isa = PBXFileReference; lastKnownFileType = sourcecode.swift; path = FeedCell.swift; sourceTree = "<group>"; };
		95282CC92BADE56800DC634B /* ExploreView.swift */ = {isa = PBXFileReference; lastKnownFileType = sourcecode.swift; path = ExploreView.swift; sourceTree = "<group>"; };
		95282CCB2BADE59300DC634B /* UserCell.swift */ = {isa = PBXFileReference; lastKnownFileType = sourcecode.swift; path = UserCell.swift; sourceTree = "<group>"; };
		95282CCD2BAF24FB00DC634B /* NotificationsView.swift */ = {isa = PBXFileReference; lastKnownFileType = sourcecode.swift; path = NotificationsView.swift; sourceTree = "<group>"; };
		95282CCF2BAF251200DC634B /* NotificationsCell.swift */ = {isa = PBXFileReference; lastKnownFileType = sourcecode.swift; path = NotificationsCell.swift; sourceTree = "<group>"; };
		95282CD12BAF2BE700DC634B /* CurrentUserProfileView.swift */ = {isa = PBXFileReference; lastKnownFileType = sourcecode.swift; path = CurrentUserProfileView.swift; sourceTree = "<group>"; };
		95282CD32BAF2D5200DC634B /* ProfileHeaderView.swift */ = {isa = PBXFileReference; lastKnownFileType = sourcecode.swift; path = ProfileHeaderView.swift; sourceTree = "<group>"; };
		95282CD52BAF2D9900DC634B /* PostGridView.swift */ = {isa = PBXFileReference; lastKnownFileType = sourcecode.swift; path = PostGridView.swift; sourceTree = "<group>"; };
		95282CD92BAF343400DC634B /* UserStatsView.swift */ = {isa = PBXFileReference; lastKnownFileType = sourcecode.swift; path = UserStatsView.swift; sourceTree = "<group>"; };
		958A76DB2BB078D0006CACBE /* Post.swift */ = {isa = PBXFileReference; lastKnownFileType = sourcecode.swift; path = Post.swift; sourceTree = "<group>"; };
		958A76E02BB07979006CACBE /* FeedViewModel.swift */ = {isa = PBXFileReference; lastKnownFileType = sourcecode.swift; path = FeedViewModel.swift; sourceTree = "<group>"; };
		958A76E22BB0D141006CACBE /* CustomVideoPlayer.swift */ = {isa = PBXFileReference; lastKnownFileType = sourcecode.swift; path = CustomVideoPlayer.swift; sourceTree = "<group>"; };
		958A76E92BB1E895006CACBE /* LoginView.swift */ = {isa = PBXFileReference; lastKnownFileType = sourcecode.swift; path = LoginView.swift; sourceTree = "<group>"; };
		958A76EB2BB1E8A4006CACBE /* RegistrationView.swift */ = {isa = PBXFileReference; lastKnownFileType = sourcecode.swift; path = RegistrationView.swift; sourceTree = "<group>"; };
		958A76ED2BB1EF7C006CACBE /* StandardTextFieldModifier.swift */ = {isa = PBXFileReference; lastKnownFileType = sourcecode.swift; path = StandardTextFieldModifier.swift; sourceTree = "<group>"; };
		958A76EF2BB31799006CACBE /* AuthenticationFormProtocol.swift */ = {isa = PBXFileReference; lastKnownFileType = sourcecode.swift; path = AuthenticationFormProtocol.swift; sourceTree = "<group>"; };
		958A76F12BB3286D006CACBE /* GoogleService-Info.plist */ = {isa = PBXFileReference; fileEncoding = 4; lastKnownFileType = text.plist.xml; path = "GoogleService-Info.plist"; sourceTree = "<group>"; };
		958A772A2BB33358006CACBE /* AuthService.swift */ = {isa = PBXFileReference; lastKnownFileType = sourcecode.swift; path = AuthService.swift; sourceTree = "<group>"; };
		958A772C2BB334B0006CACBE /* LoginViewModel.swift */ = {isa = PBXFileReference; lastKnownFileType = sourcecode.swift; path = LoginViewModel.swift; sourceTree = "<group>"; };
		958A772E2BB33AF7006CACBE /* RegistrationViewModel.swift */ = {isa = PBXFileReference; lastKnownFileType = sourcecode.swift; path = RegistrationViewModel.swift; sourceTree = "<group>"; };
		958A77302BB37D5D006CACBE /* ContentViewModel.swift */ = {isa = PBXFileReference; lastKnownFileType = sourcecode.swift; path = ContentViewModel.swift; sourceTree = "<group>"; };
		958A77322BB7009D006CACBE /* User.swift */ = {isa = PBXFileReference; lastKnownFileType = sourcecode.swift; path = User.swift; sourceTree = "<group>"; };
		958A77342BB70149006CACBE /* UserService.swift */ = {isa = PBXFileReference; lastKnownFileType = sourcecode.swift; path = UserService.swift; sourceTree = "<group>"; };
		958A77362BB735BB006CACBE /* PreviewProvider.swift */ = {isa = PBXFileReference; lastKnownFileType = sourcecode.swift; path = PreviewProvider.swift; sourceTree = "<group>"; };
		958A773A2BB73B11006CACBE /* SearchViewModel.swift */ = {isa = PBXFileReference; lastKnownFileType = sourcecode.swift; path = SearchViewModel.swift; sourceTree = "<group>"; };
		958A773C2BBAFABB006CACBE /* UserProfileView.swift */ = {isa = PBXFileReference; lastKnownFileType = sourcecode.swift; path = UserProfileView.swift; sourceTree = "<group>"; };
		958A773E2BBB0B81006CACBE /* FirestoreConstants.swift */ = {isa = PBXFileReference; lastKnownFileType = sourcecode.swift; path = FirestoreConstants.swift; sourceTree = "<group>"; };
		958A77422BBB2C94006CACBE /* EditProfileView.swift */ = {isa = PBXFileReference; lastKnownFileType = sourcecode.swift; path = EditProfileView.swift; sourceTree = "<group>"; };
/* End PBXFileReference section */

/* Begin PBXFrameworksBuildPhase section */
		95282C9D2BACAAAA00DC634B /* Frameworks */ = {
			isa = PBXFrameworksBuildPhase;
			buildActionMask = 2147483647;
			files = (
				958A77072BB32AC6006CACBE /* FirebaseDatabase in Frameworks */,
				958A77152BB32AC6006CACBE /* FirebaseFunctionsCombine-Community in Frameworks */,
				958A770D2BB32AC6006CACBE /* FirebaseFirestore in Frameworks */,
				958A76F92BB32AC6006CACBE /* FirebaseAnalyticsSwift in Frameworks */,
				958A76F52BB32AC6006CACBE /* FirebaseAnalytics in Frameworks */,
				958A76F72BB32AC6006CACBE /* FirebaseAnalyticsOnDeviceConversion in Frameworks */,
				958A771D2BB32AC6006CACBE /* FirebaseMLModelDownloader in Frameworks */,
				958A77112BB32AC6006CACBE /* FirebaseFirestoreSwift in Frameworks */,
				958A76FD2BB32AC6006CACBE /* FirebaseAppCheck in Frameworks */,
				958A76FB2BB32AC6006CACBE /* FirebaseAnalyticsWithoutAdIdSupport in Frameworks */,
				958A77012BB32AC6006CACBE /* FirebaseAuth in Frameworks */,
				958A77052BB32AC6006CACBE /* FirebaseCrashlytics in Frameworks */,
				958A77252BB32AC6006CACBE /* FirebaseRemoteConfigSwift in Frameworks */,
				958A77172BB32AC6006CACBE /* FirebaseInAppMessaging-Beta in Frameworks */,
				958A77092BB32AC6006CACBE /* FirebaseDatabaseSwift in Frameworks */,
				958A77132BB32AC6006CACBE /* FirebaseFunctions in Frameworks */,
				958A77292BB32AC6006CACBE /* FirebaseStorageCombine-Community in Frameworks */,
				958A77232BB32AC6006CACBE /* FirebaseRemoteConfig in Frameworks */,
				958A76FF2BB32AC6006CACBE /* FirebaseAppDistribution-Beta in Frameworks */,
				958A77032BB32AC6006CACBE /* FirebaseAuthCombine-Community in Frameworks */,
				958A77212BB32AC6006CACBE /* FirebasePerformance in Frameworks */,
				958A77192BB32AC6006CACBE /* FirebaseInAppMessagingSwift-Beta in Frameworks */,
				958A77272BB32AC6006CACBE /* FirebaseStorage in Frameworks */,
				958A770B2BB32AC6006CACBE /* FirebaseDynamicLinks in Frameworks */,
				958A770F2BB32AC6006CACBE /* FirebaseFirestoreCombine-Community in Frameworks */,
				958A771F2BB32AC6006CACBE /* FirebaseMessaging in Frameworks */,
				958A771B2BB32AC6006CACBE /* FirebaseInstallations in Frameworks */,
			);
			runOnlyForDeploymentPostprocessing = 0;
		};
/* End PBXFrameworksBuildPhase section */

/* Begin PBXGroup section */
		95282C972BACAAAA00DC634B = {
			isa = PBXGroup;
			children = (
				95282CA22BACAAAA00DC634B /* Tiktok CLone */,
				95282CA12BACAAAA00DC634B /* Products */,
			);
			sourceTree = "<group>";
		};
		95282CA12BACAAAA00DC634B /* Products */ = {
			isa = PBXGroup;
			children = (
				95282CA02BACAAAA00DC634B /* Tiktok CLone.app */,
			);
			name = Products;
			sourceTree = "<group>";
		};
		95282CA22BACAAAA00DC634B /* Tiktok CLone */ = {
			isa = PBXGroup;
			children = (
				95282CB82BACAB0600DC634B /* App */,
				95282CB72BACAAFB00DC634B /* Core */,
				95282CB62BACAAF900DC634B /* Extesions */,
				95282CB52BACAAF600DC634B /* Models */,
				95282CB22BACAADA00DC634B /* Services */,
				95282CB12BACAAC300DC634B /* Utils */,
				95282CA72BACAAAB00DC634B /* Assets.xcassets */,
				958A76F12BB3286D006CACBE /* GoogleService-Info.plist */,
				95282CA92BACAAAB00DC634B /* Preview Content */,
			);
			path = "Tiktok CLone";
			sourceTree = "<group>";
		};
		95282CA92BACAAAB00DC634B /* Preview Content */ = {
			isa = PBXGroup;
			children = (
				95282CAA2BACAAAB00DC634B /* Preview Assets.xcassets */,
			);
			path = "Preview Content";
			sourceTree = "<group>";
		};
		95282CB12BACAAC300DC634B /* Utils */ = {
			isa = PBXGroup;
			children = (
				958A76ED2BB1EF7C006CACBE /* StandardTextFieldModifier.swift */,
				958A773E2BBB0B81006CACBE /* FirestoreConstants.swift */,
			);
			path = Utils;
			sourceTree = "<group>";
		};
		95282CB22BACAADA00DC634B /* Services */ = {
			isa = PBXGroup;
			children = (
				958A77342BB70149006CACBE /* UserService.swift */,
			);
			path = Services;
			sourceTree = "<group>";
		};
		95282CB52BACAAF600DC634B /* Models */ = {
			isa = PBXGroup;
			children = (
				958A76DB2BB078D0006CACBE /* Post.swift */,
				958A77322BB7009D006CACBE /* User.swift */,
			);
			path = Models;
			sourceTree = "<group>";
		};
		95282CB62BACAAF900DC634B /* Extesions */ = {
			isa = PBXGroup;
			children = (
				958A77362BB735BB006CACBE /* PreviewProvider.swift */,
			);
			path = Extesions;
			sourceTree = "<group>";
		};
		95282CB72BACAAFB00DC634B /* Core */ = {
			isa = PBXGroup;
			children = (
				95282CC22BACAB7A00DC634B /* Authentication */,
				95282CC12BACAB7800DC634B /* Coments */,
				95282CC02BACAB7600DC634B /* Components */,
				95282CBF2BACAB7300DC634B /* Feed */,
				95282CBD2BACAB6F00DC634B /* Profile */,
				95282CBC2BACAB6D00DC634B /* Root */,
				95282CBB2BACAB6C00DC634B /* Search */,
				95282CBA2BACAB6A00DC634B /* TabBar */,
				95282CB92BACAB6000DC634B /* UploadingMedia */,
			);
			path = Core;
			sourceTree = "<group>";
		};
		95282CB82BACAB0600DC634B /* App */ = {
			isa = PBXGroup;
			children = (
				95282CA32BACAAAA00DC634B /* Tiktok_CLoneApp.swift */,
			);
			path = App;
			sourceTree = "<group>";
		};
		95282CB92BACAB6000DC634B /* UploadingMedia */ = {
			isa = PBXGroup;
			children = (
			);
			path = UploadingMedia;
			sourceTree = "<group>";
		};
		95282CBA2BACAB6A00DC634B /* TabBar */ = {
			isa = PBXGroup;
			children = (
				95282CC32BADCFD100DC634B /* MainTabView.swift */,
			);
			path = TabBar;
			sourceTree = "<group>";
		};
		95282CBB2BACAB6C00DC634B /* Search */ = {
			isa = PBXGroup;
			children = (
				958A77392BB73AED006CACBE /* ViewModel */,
				958A77382BB73AE6006CACBE /* View */,
			);
			path = Search;
			sourceTree = "<group>";
		};
		95282CBC2BACAB6D00DC634B /* Root */ = {
			isa = PBXGroup;
			children = (
				95282CA52BACAAAA00DC634B /* ContentView.swift */,
				958A77302BB37D5D006CACBE /* ContentViewModel.swift */,
			);
			path = Root;
			sourceTree = "<group>";
		};
		95282CBD2BACAB6F00DC634B /* Profile */ = {
			isa = PBXGroup;
			children = (
				958A77402BBB2C61006CACBE /* EditProfile */,
				95282CD82BAF33DF00DC634B /* View */,
				95282CD72BAF33C400DC634B /* Components */,
			);
			path = Profile;
			sourceTree = "<group>";
		};
		95282CBE2BACAB7100DC634B /* Notifications */ = {
			isa = PBXGroup;
			children = (
				95282CCD2BAF24FB00DC634B /* NotificationsView.swift */,
				95282CCF2BAF251200DC634B /* NotificationsCell.swift */,
			);
			path = Notifications;
			sourceTree = "<group>";
		};
		95282CBF2BACAB7300DC634B /* Feed */ = {
			isa = PBXGroup;
			children = (
				958A76DF2BB0792F006CACBE /* ViewModel */,
				958A76DE2BB0791A006CACBE /* View */,
				958A76DD2BB07913006CACBE /* Service */,
			);
			path = Feed;
			sourceTree = "<group>";
		};
		95282CC02BACAB7600DC634B /* Components */ = {
			isa = PBXGroup;
			children = (
				958A76E22BB0D141006CACBE /* CustomVideoPlayer.swift */,
			);
			path = Components;
			sourceTree = "<group>";
		};
		95282CC12BACAB7800DC634B /* Coments */ = {
			isa = PBXGroup;
			children = (
			);
			path = Coments;
			sourceTree = "<group>";
		};
		95282CC22BACAB7A00DC634B /* Authentication */ = {
			isa = PBXGroup;
			children = (
				958A76E82BB1E859006CACBE /* Model */,
				958A76E72BB1E854006CACBE /* Protocols */,
				958A76E62BB1E850006CACBE /* Service */,
				958A76E52BB1E84C006CACBE /* View */,
				958A76E42BB1E840006CACBE /* ViewModel */,
			);
			path = Authentication;
			sourceTree = "<group>";
		};
		95282CD72BAF33C400DC634B /* Components */ = {
			isa = PBXGroup;
			children = (
				95282CD32BAF2D5200DC634B /* ProfileHeaderView.swift */,
				95282CD52BAF2D9900DC634B /* PostGridView.swift */,
				95282CD92BAF343400DC634B /* UserStatsView.swift */,
			);
			path = Components;
			sourceTree = "<group>";
		};
		95282CD82BAF33DF00DC634B /* View */ = {
			isa = PBXGroup;
			children = (
				95282CD12BAF2BE700DC634B /* CurrentUserProfileView.swift */,
				958A773C2BBAFABB006CACBE /* UserProfileView.swift */,
			);
			path = View;
			sourceTree = "<group>";
		};
		958A76DD2BB07913006CACBE /* Service */ = {
			isa = PBXGroup;
			children = (
				95282CBE2BACAB7100DC634B /* Notifications */,
			);
			path = Service;
			sourceTree = "<group>";
		};
		958A76DE2BB0791A006CACBE /* View */ = {
			isa = PBXGroup;
			children = (
				95282CC52BADD6D400DC634B /* FeedView.swift */,
				95282CC72BADD93500DC634B /* FeedCell.swift */,
			);
			path = View;
			sourceTree = "<group>";
		};
		958A76DF2BB0792F006CACBE /* ViewModel */ = {
			isa = PBXGroup;
			children = (
				958A76E02BB07979006CACBE /* FeedViewModel.swift */,
			);
			path = ViewModel;
			sourceTree = "<group>";
		};
		958A76E42BB1E840006CACBE /* ViewModel */ = {
			isa = PBXGroup;
			children = (
				958A772C2BB334B0006CACBE /* LoginViewModel.swift */,
				958A772E2BB33AF7006CACBE /* RegistrationViewModel.swift */,
			);
			path = ViewModel;
			sourceTree = "<group>";
		};
		958A76E52BB1E84C006CACBE /* View */ = {
			isa = PBXGroup;
			children = (
				958A76E92BB1E895006CACBE /* LoginView.swift */,
				958A76EB2BB1E8A4006CACBE /* RegistrationView.swift */,
			);
			path = View;
			sourceTree = "<group>";
		};
		958A76E62BB1E850006CACBE /* Service */ = {
			isa = PBXGroup;
			children = (
				958A772A2BB33358006CACBE /* AuthService.swift */,
			);
			path = Service;
			sourceTree = "<group>";
		};
		958A76E72BB1E854006CACBE /* Protocols */ = {
			isa = PBXGroup;
			children = (
				958A76EF2BB31799006CACBE /* AuthenticationFormProtocol.swift */,
			);
			path = Protocols;
			sourceTree = "<group>";
		};
		958A76E82BB1E859006CACBE /* Model */ = {
			isa = PBXGroup;
			children = (
			);
			path = Model;
			sourceTree = "<group>";
		};
		958A77382BB73AE6006CACBE /* View */ = {
			isa = PBXGroup;
			children = (
				95282CC92BADE56800DC634B /* ExploreView.swift */,
				95282CCB2BADE59300DC634B /* UserCell.swift */,
			);
			path = View;
			sourceTree = "<group>";
		};
		958A77392BB73AED006CACBE /* ViewModel */ = {
			isa = PBXGroup;
			children = (
				958A773A2BB73B11006CACBE /* SearchViewModel.swift */,
			);
			path = ViewModel;
			sourceTree = "<group>";
		};
		958A77402BBB2C61006CACBE /* EditProfile */ = {
			isa = PBXGroup;
			children = (
				958A77412BBB2C79006CACBE /* Views */,
			);
			path = EditProfile;
			sourceTree = "<group>";
		};
		958A77412BBB2C79006CACBE /* Views */ = {
			isa = PBXGroup;
			children = (
				958A77422BBB2C94006CACBE /* EditProfileView.swift */,
			);
			path = Views;
			sourceTree = "<group>";
		};
/* End PBXGroup section */

/* Begin PBXNativeTarget section */
		95282C9F2BACAAAA00DC634B /* Tiktok CLone */ = {
			isa = PBXNativeTarget;
			buildConfigurationList = 95282CAE2BACAAAB00DC634B /* Build configuration list for PBXNativeTarget "Tiktok CLone" */;
			buildPhases = (
				95282C9C2BACAAAA00DC634B /* Sources */,
				95282C9D2BACAAAA00DC634B /* Frameworks */,
				95282C9E2BACAAAA00DC634B /* Resources */,
			);
			buildRules = (
			);
			dependencies = (
			);
			name = "Tiktok CLone";
			packageProductDependencies = (
				958A76F42BB32AC6006CACBE /* FirebaseAnalytics */,
				958A76F62BB32AC6006CACBE /* FirebaseAnalyticsOnDeviceConversion */,
				958A76F82BB32AC6006CACBE /* FirebaseAnalyticsSwift */,
				958A76FA2BB32AC6006CACBE /* FirebaseAnalyticsWithoutAdIdSupport */,
				958A76FC2BB32AC6006CACBE /* FirebaseAppCheck */,
				958A76FE2BB32AC6006CACBE /* FirebaseAppDistribution-Beta */,
				958A77002BB32AC6006CACBE /* FirebaseAuth */,
				958A77022BB32AC6006CACBE /* FirebaseAuthCombine-Community */,
				958A77042BB32AC6006CACBE /* FirebaseCrashlytics */,
				958A77062BB32AC6006CACBE /* FirebaseDatabase */,
				958A77082BB32AC6006CACBE /* FirebaseDatabaseSwift */,
				958A770A2BB32AC6006CACBE /* FirebaseDynamicLinks */,
				958A770C2BB32AC6006CACBE /* FirebaseFirestore */,
				958A770E2BB32AC6006CACBE /* FirebaseFirestoreCombine-Community */,
				958A77102BB32AC6006CACBE /* FirebaseFirestoreSwift */,
				958A77122BB32AC6006CACBE /* FirebaseFunctions */,
				958A77142BB32AC6006CACBE /* FirebaseFunctionsCombine-Community */,
				958A77162BB32AC6006CACBE /* FirebaseInAppMessaging-Beta */,
				958A77182BB32AC6006CACBE /* FirebaseInAppMessagingSwift-Beta */,
				958A771A2BB32AC6006CACBE /* FirebaseInstallations */,
				958A771C2BB32AC6006CACBE /* FirebaseMLModelDownloader */,
				958A771E2BB32AC6006CACBE /* FirebaseMessaging */,
				958A77202BB32AC6006CACBE /* FirebasePerformance */,
				958A77222BB32AC6006CACBE /* FirebaseRemoteConfig */,
				958A77242BB32AC6006CACBE /* FirebaseRemoteConfigSwift */,
				958A77262BB32AC6006CACBE /* FirebaseStorage */,
				958A77282BB32AC6006CACBE /* FirebaseStorageCombine-Community */,
			);
			productName = "Tiktok CLone";
			productReference = 95282CA02BACAAAA00DC634B /* Tiktok CLone.app */;
			productType = "com.apple.product-type.application";
		};
/* End PBXNativeTarget section */

/* Begin PBXProject section */
		95282C982BACAAAA00DC634B /* Project object */ = {
			isa = PBXProject;
			attributes = {
				BuildIndependentTargetsInParallel = 1;
				LastSwiftUpdateCheck = 1530;
				LastUpgradeCheck = 1530;
				TargetAttributes = {
					95282C9F2BACAAAA00DC634B = {
						CreatedOnToolsVersion = 15.3;
					};
				};
			};
			buildConfigurationList = 95282C9B2BACAAAA00DC634B /* Build configuration list for PBXProject "Tiktok CLone" */;
			compatibilityVersion = "Xcode 14.0";
			developmentRegion = en;
			hasScannedForEncodings = 0;
			knownRegions = (
				en,
				Base,
			);
			mainGroup = 95282C972BACAAAA00DC634B;
			packageReferences = (
				958A76F32BB3291F006CACBE /* XCRemoteSwiftPackageReference "firebase-ios-sdk" */,
			);
			productRefGroup = 95282CA12BACAAAA00DC634B /* Products */;
			projectDirPath = "";
			projectRoot = "";
			targets = (
				95282C9F2BACAAAA00DC634B /* Tiktok CLone */,
			);
		};
/* End PBXProject section */

/* Begin PBXResourcesBuildPhase section */
		95282C9E2BACAAAA00DC634B /* Resources */ = {
			isa = PBXResourcesBuildPhase;
			buildActionMask = 2147483647;
			files = (
				95282CAB2BACAAAB00DC634B /* Preview Assets.xcassets in Resources */,
				958A76F22BB3286D006CACBE /* GoogleService-Info.plist in Resources */,
				95282CA82BACAAAB00DC634B /* Assets.xcassets in Resources */,
			);
			runOnlyForDeploymentPostprocessing = 0;
		};
/* End PBXResourcesBuildPhase section */

/* Begin PBXSourcesBuildPhase section */
		95282C9C2BACAAAA00DC634B /* Sources */ = {
			isa = PBXSourcesBuildPhase;
			buildActionMask = 2147483647;
			files = (
				95282CC62BADD6D400DC634B /* FeedView.swift in Sources */,
				958A76E32BB0D141006CACBE /* CustomVideoPlayer.swift in Sources */,
				958A772D2BB334B0006CACBE /* LoginViewModel.swift in Sources */,
				958A773F2BBB0B81006CACBE /* FirestoreConstants.swift in Sources */,
				958A77332BB7009E006CACBE /* User.swift in Sources */,
				95282CC82BADD93500DC634B /* FeedCell.swift in Sources */,
				95282CD42BAF2D5200DC634B /* ProfileHeaderView.swift in Sources */,
				958A77352BB70149006CACBE /* UserService.swift in Sources */,
				958A77372BB735BB006CACBE /* PreviewProvider.swift in Sources */,
				95282CA62BACAAAA00DC634B /* ContentView.swift in Sources */,
				958A76EE2BB1EF7C006CACBE /* StandardTextFieldModifier.swift in Sources */,
				958A772B2BB33358006CACBE /* AuthService.swift in Sources */,
				958A77312BB37D5D006CACBE /* ContentViewModel.swift in Sources */,
				95282CDA2BAF343400DC634B /* UserStatsView.swift in Sources */,
				958A76E12BB07979006CACBE /* FeedViewModel.swift in Sources */,
				958A76DC2BB078D0006CACBE /* Post.swift in Sources */,
				95282CA42BACAAAA00DC634B /* Tiktok_CLoneApp.swift in Sources */,
				95282CCA2BADE56800DC634B /* ExploreView.swift in Sources */,
				958A772F2BB33AF7006CACBE /* RegistrationViewModel.swift in Sources */,
				958A76F02BB31799006CACBE /* AuthenticationFormProtocol.swift in Sources */,
				958A76EA2BB1E895006CACBE /* LoginView.swift in Sources */,
				958A77432BBB2C94006CACBE /* EditProfileView.swift in Sources */,
				95282CC42BADCFD100DC634B /* MainTabView.swift in Sources */,
				95282CCC2BADE59300DC634B /* UserCell.swift in Sources */,
				958A773B2BB73B11006CACBE /* SearchViewModel.swift in Sources */,
				958A76EC2BB1E8A4006CACBE /* RegistrationView.swift in Sources */,
				95282CD62BAF2D9900DC634B /* PostGridView.swift in Sources */,
				958A773D2BBAFABB006CACBE /* UserProfileView.swift in Sources */,
				95282CD02BAF251200DC634B /* NotificationsCell.swift in Sources */,
				95282CD22BAF2BE700DC634B /* CurrentUserProfileView.swift in Sources */,
				95282CCE2BAF24FB00DC634B /* NotificationsView.swift in Sources */,
			);
			runOnlyForDeploymentPostprocessing = 0;
		};
/* End PBXSourcesBuildPhase section */

/* Begin XCBuildConfiguration section */
		95282CAC2BACAAAB00DC634B /* Debug */ = {
			isa = XCBuildConfiguration;
			buildSettings = {
				ALWAYS_SEARCH_USER_PATHS = NO;
				ASSETCATALOG_COMPILER_GENERATE_SWIFT_ASSET_SYMBOL_EXTENSIONS = YES;
				CLANG_ANALYZER_NONNULL = YES;
				CLANG_ANALYZER_NUMBER_OBJECT_CONVERSION = YES_AGGRESSIVE;
				CLANG_CXX_LANGUAGE_STANDARD = "gnu++20";
				CLANG_ENABLE_MODULES = YES;
				CLANG_ENABLE_OBJC_ARC = YES;
				CLANG_ENABLE_OBJC_WEAK = YES;
				CLANG_WARN_BLOCK_CAPTURE_AUTORELEASING = YES;
				CLANG_WARN_BOOL_CONVERSION = YES;
				CLANG_WARN_COMMA = YES;
				CLANG_WARN_CONSTANT_CONVERSION = YES;
				CLANG_WARN_DEPRECATED_OBJC_IMPLEMENTATIONS = YES;
				CLANG_WARN_DIRECT_OBJC_ISA_USAGE = YES_ERROR;
				CLANG_WARN_DOCUMENTATION_COMMENTS = YES;
				CLANG_WARN_EMPTY_BODY = YES;
				CLANG_WARN_ENUM_CONVERSION = YES;
				CLANG_WARN_INFINITE_RECURSION = YES;
				CLANG_WARN_INT_CONVERSION = YES;
				CLANG_WARN_NON_LITERAL_NULL_CONVERSION = YES;
				CLANG_WARN_OBJC_IMPLICIT_RETAIN_SELF = YES;
				CLANG_WARN_OBJC_LITERAL_CONVERSION = YES;
				CLANG_WARN_OBJC_ROOT_CLASS = YES_ERROR;
				CLANG_WARN_QUOTED_INCLUDE_IN_FRAMEWORK_HEADER = YES;
				CLANG_WARN_RANGE_LOOP_ANALYSIS = YES;
				CLANG_WARN_STRICT_PROTOTYPES = YES;
				CLANG_WARN_SUSPICIOUS_MOVE = YES;
				CLANG_WARN_UNGUARDED_AVAILABILITY = YES_AGGRESSIVE;
				CLANG_WARN_UNREACHABLE_CODE = YES;
				CLANG_WARN__DUPLICATE_METHOD_MATCH = YES;
				COPY_PHASE_STRIP = NO;
				DEBUG_INFORMATION_FORMAT = dwarf;
				ENABLE_STRICT_OBJC_MSGSEND = YES;
				ENABLE_TESTABILITY = YES;
				ENABLE_USER_SCRIPT_SANDBOXING = YES;
				GCC_C_LANGUAGE_STANDARD = gnu17;
				GCC_DYNAMIC_NO_PIC = NO;
				GCC_NO_COMMON_BLOCKS = YES;
				GCC_OPTIMIZATION_LEVEL = 0;
				GCC_PREPROCESSOR_DEFINITIONS = (
					"DEBUG=1",
					"$(inherited)",
				);
				GCC_WARN_64_TO_32_BIT_CONVERSION = YES;
				GCC_WARN_ABOUT_RETURN_TYPE = YES_ERROR;
				GCC_WARN_UNDECLARED_SELECTOR = YES;
				GCC_WARN_UNINITIALIZED_AUTOS = YES_AGGRESSIVE;
				GCC_WARN_UNUSED_FUNCTION = YES;
				GCC_WARN_UNUSED_VARIABLE = YES;
				IPHONEOS_DEPLOYMENT_TARGET = 17.4;
				LOCALIZATION_PREFERS_STRING_CATALOGS = YES;
				MTL_ENABLE_DEBUG_INFO = INCLUDE_SOURCE;
				MTL_FAST_MATH = YES;
				ONLY_ACTIVE_ARCH = YES;
				SDKROOT = iphoneos;
				SWIFT_ACTIVE_COMPILATION_CONDITIONS = "DEBUG $(inherited)";
				SWIFT_OPTIMIZATION_LEVEL = "-Onone";
			};
			name = Debug;
		};
		95282CAD2BACAAAB00DC634B /* Release */ = {
			isa = XCBuildConfiguration;
			buildSettings = {
				ALWAYS_SEARCH_USER_PATHS = NO;
				ASSETCATALOG_COMPILER_GENERATE_SWIFT_ASSET_SYMBOL_EXTENSIONS = YES;
				CLANG_ANALYZER_NONNULL = YES;
				CLANG_ANALYZER_NUMBER_OBJECT_CONVERSION = YES_AGGRESSIVE;
				CLANG_CXX_LANGUAGE_STANDARD = "gnu++20";
				CLANG_ENABLE_MODULES = YES;
				CLANG_ENABLE_OBJC_ARC = YES;
				CLANG_ENABLE_OBJC_WEAK = YES;
				CLANG_WARN_BLOCK_CAPTURE_AUTORELEASING = YES;
				CLANG_WARN_BOOL_CONVERSION = YES;
				CLANG_WARN_COMMA = YES;
				CLANG_WARN_CONSTANT_CONVERSION = YES;
				CLANG_WARN_DEPRECATED_OBJC_IMPLEMENTATIONS = YES;
				CLANG_WARN_DIRECT_OBJC_ISA_USAGE = YES_ERROR;
				CLANG_WARN_DOCUMENTATION_COMMENTS = YES;
				CLANG_WARN_EMPTY_BODY = YES;
				CLANG_WARN_ENUM_CONVERSION = YES;
				CLANG_WARN_INFINITE_RECURSION = YES;
				CLANG_WARN_INT_CONVERSION = YES;
				CLANG_WARN_NON_LITERAL_NULL_CONVERSION = YES;
				CLANG_WARN_OBJC_IMPLICIT_RETAIN_SELF = YES;
				CLANG_WARN_OBJC_LITERAL_CONVERSION = YES;
				CLANG_WARN_OBJC_ROOT_CLASS = YES_ERROR;
				CLANG_WARN_QUOTED_INCLUDE_IN_FRAMEWORK_HEADER = YES;
				CLANG_WARN_RANGE_LOOP_ANALYSIS = YES;
				CLANG_WARN_STRICT_PROTOTYPES = YES;
				CLANG_WARN_SUSPICIOUS_MOVE = YES;
				CLANG_WARN_UNGUARDED_AVAILABILITY = YES_AGGRESSIVE;
				CLANG_WARN_UNREACHABLE_CODE = YES;
				CLANG_WARN__DUPLICATE_METHOD_MATCH = YES;
				COPY_PHASE_STRIP = NO;
				DEBUG_INFORMATION_FORMAT = "dwarf-with-dsym";
				ENABLE_NS_ASSERTIONS = NO;
				ENABLE_STRICT_OBJC_MSGSEND = YES;
				ENABLE_USER_SCRIPT_SANDBOXING = YES;
				GCC_C_LANGUAGE_STANDARD = gnu17;
				GCC_NO_COMMON_BLOCKS = YES;
				GCC_WARN_64_TO_32_BIT_CONVERSION = YES;
				GCC_WARN_ABOUT_RETURN_TYPE = YES_ERROR;
				GCC_WARN_UNDECLARED_SELECTOR = YES;
				GCC_WARN_UNINITIALIZED_AUTOS = YES_AGGRESSIVE;
				GCC_WARN_UNUSED_FUNCTION = YES;
				GCC_WARN_UNUSED_VARIABLE = YES;
				IPHONEOS_DEPLOYMENT_TARGET = 17.4;
				LOCALIZATION_PREFERS_STRING_CATALOGS = YES;
				MTL_ENABLE_DEBUG_INFO = NO;
				MTL_FAST_MATH = YES;
				SDKROOT = iphoneos;
				SWIFT_COMPILATION_MODE = wholemodule;
				VALIDATE_PRODUCT = YES;
			};
			name = Release;
		};
		95282CAF2BACAAAB00DC634B /* Debug */ = {
			isa = XCBuildConfiguration;
			buildSettings = {
				ASSETCATALOG_COMPILER_APPICON_NAME = AppIcon;
				ASSETCATALOG_COMPILER_GLOBAL_ACCENT_COLOR_NAME = AccentColor;
				CODE_SIGN_STYLE = Automatic;
				CURRENT_PROJECT_VERSION = 1;
				DEVELOPMENT_ASSET_PATHS = "\"Tiktok CLone/Preview Content\"";
				DEVELOPMENT_TEAM = 5F93SMYAKP;
				ENABLE_PREVIEWS = YES;
				GENERATE_INFOPLIST_FILE = YES;
				INFOPLIST_KEY_UIApplicationSceneManifest_Generation = YES;
				INFOPLIST_KEY_UIApplicationSupportsIndirectInputEvents = YES;
				INFOPLIST_KEY_UILaunchScreen_Generation = YES;
				INFOPLIST_KEY_UISupportedInterfaceOrientations_iPad = "UIInterfaceOrientationPortrait UIInterfaceOrientationPortraitUpsideDown UIInterfaceOrientationLandscapeLeft UIInterfaceOrientationLandscapeRight";
				INFOPLIST_KEY_UISupportedInterfaceOrientations_iPhone = "UIInterfaceOrientationPortrait UIInterfaceOrientationLandscapeLeft UIInterfaceOrientationLandscapeRight";
				LD_RUNPATH_SEARCH_PATHS = (
					"$(inherited)",
					"@executable_path/Frameworks",
				);
				MARKETING_VERSION = 1.0;
				PRODUCT_BUNDLE_IDENTIFIER = "com.yolimaPereira.Tiktok-CLone";
				PRODUCT_NAME = "$(TARGET_NAME)";
				SWIFT_EMIT_LOC_STRINGS = YES;
				SWIFT_VERSION = 5.0;
				TARGETED_DEVICE_FAMILY = "1,2";
			};
			name = Debug;
		};
		95282CB02BACAAAB00DC634B /* Release */ = {
			isa = XCBuildConfiguration;
			buildSettings = {
				ASSETCATALOG_COMPILER_APPICON_NAME = AppIcon;
				ASSETCATALOG_COMPILER_GLOBAL_ACCENT_COLOR_NAME = AccentColor;
				CODE_SIGN_STYLE = Automatic;
				CURRENT_PROJECT_VERSION = 1;
				DEVELOPMENT_ASSET_PATHS = "\"Tiktok CLone/Preview Content\"";
				DEVELOPMENT_TEAM = 5F93SMYAKP;
				ENABLE_PREVIEWS = YES;
				GENERATE_INFOPLIST_FILE = YES;
				INFOPLIST_KEY_UIApplicationSceneManifest_Generation = YES;
				INFOPLIST_KEY_UIApplicationSupportsIndirectInputEvents = YES;
				INFOPLIST_KEY_UILaunchScreen_Generation = YES;
				INFOPLIST_KEY_UISupportedInterfaceOrientations_iPad = "UIInterfaceOrientationPortrait UIInterfaceOrientationPortraitUpsideDown UIInterfaceOrientationLandscapeLeft UIInterfaceOrientationLandscapeRight";
				INFOPLIST_KEY_UISupportedInterfaceOrientations_iPhone = "UIInterfaceOrientationPortrait UIInterfaceOrientationLandscapeLeft UIInterfaceOrientationLandscapeRight";
				LD_RUNPATH_SEARCH_PATHS = (
					"$(inherited)",
					"@executable_path/Frameworks",
				);
				MARKETING_VERSION = 1.0;
				PRODUCT_BUNDLE_IDENTIFIER = "com.yolimaPereira.Tiktok-CLone";
				PRODUCT_NAME = "$(TARGET_NAME)";
				SWIFT_EMIT_LOC_STRINGS = YES;
				SWIFT_VERSION = 5.0;
				TARGETED_DEVICE_FAMILY = "1,2";
			};
			name = Release;
		};
/* End XCBuildConfiguration section */

/* Begin XCConfigurationList section */
		95282C9B2BACAAAA00DC634B /* Build configuration list for PBXProject "Tiktok CLone" */ = {
			isa = XCConfigurationList;
			buildConfigurations = (
				95282CAC2BACAAAB00DC634B /* Debug */,
				95282CAD2BACAAAB00DC634B /* Release */,
			);
			defaultConfigurationIsVisible = 0;
			defaultConfigurationName = Release;
		};
		95282CAE2BACAAAB00DC634B /* Build configuration list for PBXNativeTarget "Tiktok CLone" */ = {
			isa = XCConfigurationList;
			buildConfigurations = (
				95282CAF2BACAAAB00DC634B /* Debug */,
				95282CB02BACAAAB00DC634B /* Release */,
			);
			defaultConfigurationIsVisible = 0;
			defaultConfigurationName = Release;
		};
/* End XCConfigurationList section */

/* Begin XCRemoteSwiftPackageReference section */
		958A76F32BB3291F006CACBE /* XCRemoteSwiftPackageReference "firebase-ios-sdk" */ = {
			isa = XCRemoteSwiftPackageReference;
			repositoryURL = "https://github.com/firebase/firebase-ios-sdk";
			requirement = {
				kind = upToNextMajorVersion;
				minimumVersion = 10.23.0;
			};
		};
/* End XCRemoteSwiftPackageReference section */

/* Begin XCSwiftPackageProductDependency section */
		958A76F42BB32AC6006CACBE /* FirebaseAnalytics */ = {
			isa = XCSwiftPackageProductDependency;
			package = 958A76F32BB3291F006CACBE /* XCRemoteSwiftPackageReference "firebase-ios-sdk" */;
			productName = FirebaseAnalytics;
		};
		958A76F62BB32AC6006CACBE /* FirebaseAnalyticsOnDeviceConversion */ = {
			isa = XCSwiftPackageProductDependency;
			package = 958A76F32BB3291F006CACBE /* XCRemoteSwiftPackageReference "firebase-ios-sdk" */;
			productName = FirebaseAnalyticsOnDeviceConversion;
		};
		958A76F82BB32AC6006CACBE /* FirebaseAnalyticsSwift */ = {
			isa = XCSwiftPackageProductDependency;
			package = 958A76F32BB3291F006CACBE /* XCRemoteSwiftPackageReference "firebase-ios-sdk" */;
			productName = FirebaseAnalyticsSwift;
		};
		958A76FA2BB32AC6006CACBE /* FirebaseAnalyticsWithoutAdIdSupport */ = {
			isa = XCSwiftPackageProductDependency;
			package = 958A76F32BB3291F006CACBE /* XCRemoteSwiftPackageReference "firebase-ios-sdk" */;
			productName = FirebaseAnalyticsWithoutAdIdSupport;
		};
		958A76FC2BB32AC6006CACBE /* FirebaseAppCheck */ = {
			isa = XCSwiftPackageProductDependency;
			package = 958A76F32BB3291F006CACBE /* XCRemoteSwiftPackageReference "firebase-ios-sdk" */;
			productName = FirebaseAppCheck;
		};
		958A76FE2BB32AC6006CACBE /* FirebaseAppDistribution-Beta */ = {
			isa = XCSwiftPackageProductDependency;
			package = 958A76F32BB3291F006CACBE /* XCRemoteSwiftPackageReference "firebase-ios-sdk" */;
			productName = "FirebaseAppDistribution-Beta";
		};
		958A77002BB32AC6006CACBE /* FirebaseAuth */ = {
			isa = XCSwiftPackageProductDependency;
			package = 958A76F32BB3291F006CACBE /* XCRemoteSwiftPackageReference "firebase-ios-sdk" */;
			productName = FirebaseAuth;
		};
		958A77022BB32AC6006CACBE /* FirebaseAuthCombine-Community */ = {
			isa = XCSwiftPackageProductDependency;
			package = 958A76F32BB3291F006CACBE /* XCRemoteSwiftPackageReference "firebase-ios-sdk" */;
			productName = "FirebaseAuthCombine-Community";
		};
		958A77042BB32AC6006CACBE /* FirebaseCrashlytics */ = {
			isa = XCSwiftPackageProductDependency;
			package = 958A76F32BB3291F006CACBE /* XCRemoteSwiftPackageReference "firebase-ios-sdk" */;
			productName = FirebaseCrashlytics;
		};
		958A77062BB32AC6006CACBE /* FirebaseDatabase */ = {
			isa = XCSwiftPackageProductDependency;
			package = 958A76F32BB3291F006CACBE /* XCRemoteSwiftPackageReference "firebase-ios-sdk" */;
			productName = FirebaseDatabase;
		};
		958A77082BB32AC6006CACBE /* FirebaseDatabaseSwift */ = {
			isa = XCSwiftPackageProductDependency;
			package = 958A76F32BB3291F006CACBE /* XCRemoteSwiftPackageReference "firebase-ios-sdk" */;
			productName = FirebaseDatabaseSwift;
		};
		958A770A2BB32AC6006CACBE /* FirebaseDynamicLinks */ = {
			isa = XCSwiftPackageProductDependency;
			package = 958A76F32BB3291F006CACBE /* XCRemoteSwiftPackageReference "firebase-ios-sdk" */;
			productName = FirebaseDynamicLinks;
		};
		958A770C2BB32AC6006CACBE /* FirebaseFirestore */ = {
			isa = XCSwiftPackageProductDependency;
			package = 958A76F32BB3291F006CACBE /* XCRemoteSwiftPackageReference "firebase-ios-sdk" */;
			productName = FirebaseFirestore;
		};
		958A770E2BB32AC6006CACBE /* FirebaseFirestoreCombine-Community */ = {
			isa = XCSwiftPackageProductDependency;
			package = 958A76F32BB3291F006CACBE /* XCRemoteSwiftPackageReference "firebase-ios-sdk" */;
			productName = "FirebaseFirestoreCombine-Community";
		};
		958A77102BB32AC6006CACBE /* FirebaseFirestoreSwift */ = {
			isa = XCSwiftPackageProductDependency;
			package = 958A76F32BB3291F006CACBE /* XCRemoteSwiftPackageReference "firebase-ios-sdk" */;
			productName = FirebaseFirestoreSwift;
		};
		958A77122BB32AC6006CACBE /* FirebaseFunctions */ = {
			isa = XCSwiftPackageProductDependency;
			package = 958A76F32BB3291F006CACBE /* XCRemoteSwiftPackageReference "firebase-ios-sdk" */;
			productName = FirebaseFunctions;
		};
		958A77142BB32AC6006CACBE /* FirebaseFunctionsCombine-Community */ = {
			isa = XCSwiftPackageProductDependency;
			package = 958A76F32BB3291F006CACBE /* XCRemoteSwiftPackageReference "firebase-ios-sdk" */;
			productName = "FirebaseFunctionsCombine-Community";
		};
		958A77162BB32AC6006CACBE /* FirebaseInAppMessaging-Beta */ = {
			isa = XCSwiftPackageProductDependency;
			package = 958A76F32BB3291F006CACBE /* XCRemoteSwiftPackageReference "firebase-ios-sdk" */;
			productName = "FirebaseInAppMessaging-Beta";
		};
		958A77182BB32AC6006CACBE /* FirebaseInAppMessagingSwift-Beta */ = {
			isa = XCSwiftPackageProductDependency;
			package = 958A76F32BB3291F006CACBE /* XCRemoteSwiftPackageReference "firebase-ios-sdk" */;
			productName = "FirebaseInAppMessagingSwift-Beta";
		};
		958A771A2BB32AC6006CACBE /* FirebaseInstallations */ = {
			isa = XCSwiftPackageProductDependency;
			package = 958A76F32BB3291F006CACBE /* XCRemoteSwiftPackageReference "firebase-ios-sdk" */;
			productName = FirebaseInstallations;
		};
		958A771C2BB32AC6006CACBE /* FirebaseMLModelDownloader */ = {
			isa = XCSwiftPackageProductDependency;
			package = 958A76F32BB3291F006CACBE /* XCRemoteSwiftPackageReference "firebase-ios-sdk" */;
			productName = FirebaseMLModelDownloader;
		};
		958A771E2BB32AC6006CACBE /* FirebaseMessaging */ = {
			isa = XCSwiftPackageProductDependency;
			package = 958A76F32BB3291F006CACBE /* XCRemoteSwiftPackageReference "firebase-ios-sdk" */;
			productName = FirebaseMessaging;
		};
		958A77202BB32AC6006CACBE /* FirebasePerformance */ = {
			isa = XCSwiftPackageProductDependency;
			package = 958A76F32BB3291F006CACBE /* XCRemoteSwiftPackageReference "firebase-ios-sdk" */;
			productName = FirebasePerformance;
		};
		958A77222BB32AC6006CACBE /* FirebaseRemoteConfig */ = {
			isa = XCSwiftPackageProductDependency;
			package = 958A76F32BB3291F006CACBE /* XCRemoteSwiftPackageReference "firebase-ios-sdk" */;
			productName = FirebaseRemoteConfig;
		};
		958A77242BB32AC6006CACBE /* FirebaseRemoteConfigSwift */ = {
			isa = XCSwiftPackageProductDependency;
			package = 958A76F32BB3291F006CACBE /* XCRemoteSwiftPackageReference "firebase-ios-sdk" */;
			productName = FirebaseRemoteConfigSwift;
		};
		958A77262BB32AC6006CACBE /* FirebaseStorage */ = {
			isa = XCSwiftPackageProductDependency;
			package = 958A76F32BB3291F006CACBE /* XCRemoteSwiftPackageReference "firebase-ios-sdk" */;
			productName = FirebaseStorage;
		};
		958A77282BB32AC6006CACBE /* FirebaseStorageCombine-Community */ = {
			isa = XCSwiftPackageProductDependency;
			package = 958A76F32BB3291F006CACBE /* XCRemoteSwiftPackageReference "firebase-ios-sdk" */;
			productName = "FirebaseStorageCombine-Community";
		};
/* End XCSwiftPackageProductDependency section */
	};
	rootObject = 95282C982BACAAAA00DC634B /* Project object */;
}
