// !$*UTF8*$!
{
	archiveVersion = 1;
	classes = {
	};
	objectVersion = 56;
	objects = {

/* Begin PBXBuildFile section */
		95282CA42BACAAAA00DC634B /* Tiktok_CLoneApp.swift in Sources */ = {isa = PBXBuildFile; fileRef = 95282CA32BACAAAA00DC634B /* Tiktok_CLoneApp.swift */; };
		95282CA62BACAAAA00DC634B /* ContentView.swift in Sources */ = {isa = PBXBuildFile; fileRef = 95282CA52BACAAAA00DC634B /* ContentView.swift */; };
		95282CA82BACAAAB00DC634B /* Assets.xcassets in Resources */ = {isa = PBXBuildFile; fileRef = 95282CA72BACAAAB00DC634B /* Assets.xcassets */; };
		95282CAB2BACAAAB00DC634B /* Preview Assets.xcassets in Resources */ = {isa = PBXBuildFile; fileRef = 95282CAA2BACAAAB00DC634B /* Preview Assets.xcassets */; };
		95282CC42BADCFD100DC634B /* MainTabView.swift in Sources */ = {isa = PBXBuildFile; fileRef = 95282CC32BADCFD100DC634B /* MainTabView.swift */; };
		95282CC62BADD6D400DC634B /* FeedView.swift in Sources */ = {isa = PBXBuildFile; fileRef = 95282CC52BADD6D400DC634B /* FeedView.swift */; };
		95282CC82BADD93500DC634B /* FeedCell.swift in Sources */ = {isa = PBXBuildFile; fileRef = 95282CC72BADD93500DC634B /* FeedCell.swift */; };
		95282CCA2BADE56800DC634B /* ExploreView.swift in Sources */ = {isa = PBXBuildFile; fileRef = 95282CC92BADE56800DC634B /* ExploreView.swift */; };
		95282CCC2BADE59300DC634B /* UserCell.swift in Sources */ = {isa = PBXBuildFile; fileRef = 95282CCB2BADE59300DC634B /* UserCell.swift */; };
		95282CCE2BAF24FB00DC634B /* NotificationsView.swift in Sources */ = {isa = PBXBuildFile; fileRef = 95282CCD2BAF24FB00DC634B /* NotificationsView.swift */; };
		95282CD02BAF251200DC634B /* NotificationsCell.swift in Sources */ = {isa = PBXBuildFile; fileRef = 95282CCF2BAF251200DC634B /* NotificationsCell.swift */; };
		95282CD22BAF2BE700DC634B /* CurrentUserProfileView.swift in Sources */ = {isa = PBXBuildFile; fileRef = 95282CD12BAF2BE700DC634B /* CurrentUserProfileView.swift */; };
		95282CD42BAF2D5200DC634B /* ProfileHeaderView.swift in Sources */ = {isa = PBXBuildFile; fileRef = 95282CD32BAF2D5200DC634B /* ProfileHeaderView.swift */; };
		95282CD62BAF2D9900DC634B /* PostGridView.swift in Sources */ = {isa = PBXBuildFile; fileRef = 95282CD52BAF2D9900DC634B /* PostGridView.swift */; };
		95282CDA2BAF343400DC634B /* UserStatsView.swift in Sources */ = {isa = PBXBuildFile; fileRef = 95282CD92BAF343400DC634B /* UserStatsView.swift */; };
		958A76DC2BB078D0006CACBE /* Post.swift in Sources */ = {isa = PBXBuildFile; fileRef = 958A76DB2BB078D0006CACBE /* Post.swift */; };
		958A76E12BB07979006CACBE /* FeedViewModel.swift in Sources */ = {isa = PBXBuildFile; fileRef = 958A76E02BB07979006CACBE /* FeedViewModel.swift */; };
		958A76E32BB0D141006CACBE /* CustomVideoPlayer.swift in Sources */ = {isa = PBXBuildFile; fileRef = 958A76E22BB0D141006CACBE /* CustomVideoPlayer.swift */; };
/* End PBXBuildFile section */

/* Begin PBXFileReference section */
		95282CA02BACAAAA00DC634B /* Tiktok CLone.app */ = {isa = PBXFileReference; explicitFileType = wrapper.application; includeInIndex = 0; path = "Tiktok CLone.app"; sourceTree = BUILT_PRODUCTS_DIR; };
		95282CA32BACAAAA00DC634B /* Tiktok_CLoneApp.swift */ = {isa = PBXFileReference; lastKnownFileType = sourcecode.swift; path = Tiktok_CLoneApp.swift; sourceTree = "<group>"; };
		95282CA52BACAAAA00DC634B /* ContentView.swift */ = {isa = PBXFileReference; lastKnownFileType = sourcecode.swift; path = ContentView.swift; sourceTree = "<group>"; };
		95282CA72BACAAAB00DC634B /* Assets.xcassets */ = {isa = PBXFileReference; lastKnownFileType = folder.assetcatalog; path = Assets.xcassets; sourceTree = "<group>"; };
		95282CAA2BACAAAB00DC634B /* Preview Assets.xcassets */ = {isa = PBXFileReference; lastKnownFileType = folder.assetcatalog; path = "Preview Assets.xcassets"; sourceTree = "<group>"; };
		95282CC32BADCFD100DC634B /* MainTabView.swift */ = {isa = PBXFileReference; lastKnownFileType = sourcecode.swift; path = MainTabView.swift; sourceTree = "<group>"; };
		95282CC52BADD6D400DC634B /* FeedView.swift */ = {isa = PBXFileReference; lastKnownFileType = sourcecode.swift; path = FeedView.swift; sourceTree = "<group>"; };
		95282CC72BADD93500DC634B /* FeedCell.swift */ = {isa = PBXFileReference; lastKnownFileType = sourcecode.swift; path = FeedCell.swift; sourceTree = "<group>"; };
		95282CC92BADE56800DC634B /* ExploreView.swift */ = {isa = PBXFileReference; lastKnownFileType = sourcecode.swift; path = ExploreView.swift; sourceTree = "<group>"; };
		95282CCB2BADE59300DC634B /* UserCell.swift */ = {isa = PBXFileReference; lastKnownFileType = sourcecode.swift; path = UserCell.swift; sourceTree = "<group>"; };
		95282CCD2BAF24FB00DC634B /* NotificationsView.swift */ = {isa = PBXFileReference; lastKnownFileType = sourcecode.swift; path = NotificationsView.swift; sourceTree = "<group>"; };
		95282CCF2BAF251200DC634B /* NotificationsCell.swift */ = {isa = PBXFileReference; lastKnownFileType = sourcecode.swift; path = NotificationsCell.swift; sourceTree = "<group>"; };
		95282CD12BAF2BE700DC634B /* CurrentUserProfileView.swift */ = {isa = PBXFileReference; lastKnownFileType = sourcecode.swift; path = CurrentUserProfileView.swift; sourceTree = "<group>"; };
		95282CD32BAF2D5200DC634B /* ProfileHeaderView.swift */ = {isa = PBXFileReference; lastKnownFileType = sourcecode.swift; path = ProfileHeaderView.swift; sourceTree = "<group>"; };
		95282CD52BAF2D9900DC634B /* PostGridView.swift */ = {isa = PBXFileReference; lastKnownFileType = sourcecode.swift; path = PostGridView.swift; sourceTree = "<group>"; };
		95282CD92BAF343400DC634B /* UserStatsView.swift */ = {isa = PBXFileReference; lastKnownFileType = sourcecode.swift; path = UserStatsView.swift; sourceTree = "<group>"; };
		958A76DB2BB078D0006CACBE /* Post.swift */ = {isa = PBXFileReference; lastKnownFileType = sourcecode.swift; path = Post.swift; sourceTree = "<group>"; };
		958A76E02BB07979006CACBE /* FeedViewModel.swift */ = {isa = PBXFileReference; lastKnownFileType = sourcecode.swift; path = FeedViewModel.swift; sourceTree = "<group>"; };
		958A76E22BB0D141006CACBE /* CustomVideoPlayer.swift */ = {isa = PBXFileReference; lastKnownFileType = sourcecode.swift; path = CustomVideoPlayer.swift; sourceTree = "<group>"; };
/* End PBXFileReference section */

/* Begin PBXFrameworksBuildPhase section */
		95282C9D2BACAAAA00DC634B /* Frameworks */ = {
			isa = PBXFrameworksBuildPhase;
			buildActionMask = 2147483647;
			files = (
			);
			runOnlyForDeploymentPostprocessing = 0;
		};
/* End PBXFrameworksBuildPhase section */

/* Begin PBXGroup section */
		95282C972BACAAAA00DC634B = {
			isa = PBXGroup;
			children = (
				95282CA22BACAAAA00DC634B /* Tiktok CLone */,
				95282CA12BACAAAA00DC634B /* Products */,
			);
			sourceTree = "<group>";
		};
		95282CA12BACAAAA00DC634B /* Products */ = {
			isa = PBXGroup;
			children = (
				95282CA02BACAAAA00DC634B /* Tiktok CLone.app */,
			);
			name = Products;
			sourceTree = "<group>";
		};
		95282CA22BACAAAA00DC634B /* Tiktok CLone */ = {
			isa = PBXGroup;
			children = (
				95282CB82BACAB0600DC634B /* App */,
				95282CB72BACAAFB00DC634B /* Core */,
				95282CB62BACAAF900DC634B /* Extesions */,
				95282CB52BACAAF600DC634B /* Models */,
				95282CB22BACAADA00DC634B /* Services */,
				95282CB12BACAAC300DC634B /* Utils */,
				95282CA72BACAAAB00DC634B /* Assets.xcassets */,
				95282CA92BACAAAB00DC634B /* Preview Content */,
			);
			path = "Tiktok CLone";
			sourceTree = "<group>";
		};
		95282CA92BACAAAB00DC634B /* Preview Content */ = {
			isa = PBXGroup;
			children = (
				95282CAA2BACAAAB00DC634B /* Preview Assets.xcassets */,
			);
			path = "Preview Content";
			sourceTree = "<group>";
		};
		95282CB12BACAAC300DC634B /* Utils */ = {
			isa = PBXGroup;
			children = (
			);
			path = Utils;
			sourceTree = "<group>";
		};
		95282CB22BACAADA00DC634B /* Services */ = {
			isa = PBXGroup;
			children = (
			);
			path = Services;
			sourceTree = "<group>";
		};
		95282CB52BACAAF600DC634B /* Models */ = {
			isa = PBXGroup;
			children = (
				958A76DB2BB078D0006CACBE /* Post.swift */,
			);
			path = Models;
			sourceTree = "<group>";
		};
		95282CB62BACAAF900DC634B /* Extesions */ = {
			isa = PBXGroup;
			children = (
			);
			path = Extesions;
			sourceTree = "<group>";
		};
		95282CB72BACAAFB00DC634B /* Core */ = {
			isa = PBXGroup;
			children = (
				95282CC22BACAB7A00DC634B /* Authentication */,
				95282CC12BACAB7800DC634B /* Coments */,
				95282CC02BACAB7600DC634B /* Components */,
				95282CBF2BACAB7300DC634B /* Feed */,
				95282CBD2BACAB6F00DC634B /* Profile */,
				95282CBC2BACAB6D00DC634B /* Root */,
				95282CBB2BACAB6C00DC634B /* Search */,
				95282CBA2BACAB6A00DC634B /* TabBar */,
				95282CB92BACAB6000DC634B /* UploadingMedia */,
			);
			path = Core;
			sourceTree = "<group>";
		};
		95282CB82BACAB0600DC634B /* App */ = {
			isa = PBXGroup;
			children = (
				95282CA32BACAAAA00DC634B /* Tiktok_CLoneApp.swift */,
			);
			path = App;
			sourceTree = "<group>";
		};
		95282CB92BACAB6000DC634B /* UploadingMedia */ = {
			isa = PBXGroup;
			children = (
			);
			path = UploadingMedia;
			sourceTree = "<group>";
		};
		95282CBA2BACAB6A00DC634B /* TabBar */ = {
			isa = PBXGroup;
			children = (
				95282CC32BADCFD100DC634B /* MainTabView.swift */,
			);
			path = TabBar;
			sourceTree = "<group>";
		};
		95282CBB2BACAB6C00DC634B /* Search */ = {
			isa = PBXGroup;
			children = (
				95282CC92BADE56800DC634B /* ExploreView.swift */,
				95282CCB2BADE59300DC634B /* UserCell.swift */,
			);
			path = Search;
			sourceTree = "<group>";
		};
		95282CBC2BACAB6D00DC634B /* Root */ = {
			isa = PBXGroup;
			children = (
				95282CA52BACAAAA00DC634B /* ContentView.swift */,
			);
			path = Root;
			sourceTree = "<group>";
		};
		95282CBD2BACAB6F00DC634B /* Profile */ = {
			isa = PBXGroup;
			children = (
				95282CD82BAF33DF00DC634B /* View */,
				95282CD72BAF33C400DC634B /* Components */,
				95282CD12BAF2BE700DC634B /* CurrentUserProfileView.swift */,
			);
			path = Profile;
			sourceTree = "<group>";
		};
		95282CBE2BACAB7100DC634B /* Notifications */ = {
			isa = PBXGroup;
			children = (
				95282CCD2BAF24FB00DC634B /* NotificationsView.swift */,
				95282CCF2BAF251200DC634B /* NotificationsCell.swift */,
			);
			path = Notifications;
			sourceTree = "<group>";
		};
		95282CBF2BACAB7300DC634B /* Feed */ = {
			isa = PBXGroup;
			children = (
				958A76DF2BB0792F006CACBE /* ViewModel */,
				958A76DE2BB0791A006CACBE /* View */,
				958A76DD2BB07913006CACBE /* Service */,
			);
			path = Feed;
			sourceTree = "<group>";
		};
		95282CC02BACAB7600DC634B /* Components */ = {
			isa = PBXGroup;
			children = (
				958A76E22BB0D141006CACBE /* CustomVideoPlayer.swift */,
			);
			path = Components;
			sourceTree = "<group>";
		};
		95282CC12BACAB7800DC634B /* Coments */ = {
			isa = PBXGroup;
			children = (
			);
			path = Coments;
			sourceTree = "<group>";
		};
		95282CC22BACAB7A00DC634B /* Authentication */ = {
			isa = PBXGroup;
			children = (
			);
			path = Authentication;
			sourceTree = "<group>";
		};
		95282CD72BAF33C400DC634B /* Components */ = {
			isa = PBXGroup;
			children = (
				95282CD32BAF2D5200DC634B /* ProfileHeaderView.swift */,
				95282CD52BAF2D9900DC634B /* PostGridView.swift */,
				95282CD92BAF343400DC634B /* UserStatsView.swift */,
			);
			path = Components;
			sourceTree = "<group>";
		};
		95282CD82BAF33DF00DC634B /* View */ = {
			isa = PBXGroup;
			children = (
			);
			path = View;
			sourceTree = "<group>";
		};
		958A76DD2BB07913006CACBE /* Service */ = {
			isa = PBXGroup;
			children = (
				95282CBE2BACAB7100DC634B /* Notifications */,
			);
			path = Service;
			sourceTree = "<group>";
		};
		958A76DE2BB0791A006CACBE /* View */ = {
			isa = PBXGroup;
			children = (
				95282CC52BADD6D400DC634B /* FeedView.swift */,
				95282CC72BADD93500DC634B /* FeedCell.swift */,
			);
			path = View;
			sourceTree = "<group>";
		};
		958A76DF2BB0792F006CACBE /* ViewModel */ = {
			isa = PBXGroup;
			children = (
				958A76E02BB07979006CACBE /* FeedViewModel.swift */,
			);
			path = ViewModel;
			sourceTree = "<group>";
		};
/* End PBXGroup section */

/* Begin PBXNativeTarget section */
		95282C9F2BACAAAA00DC634B /* Tiktok CLone */ = {
			isa = PBXNativeTarget;
			buildConfigurationList = 95282CAE2BACAAAB00DC634B /* Build configuration list for PBXNativeTarget "Tiktok CLone" */;
			buildPhases = (
				95282C9C2BACAAAA00DC634B /* Sources */,
				95282C9D2BACAAAA00DC634B /* Frameworks */,
				95282C9E2BACAAAA00DC634B /* Resources */,
			);
			buildRules = (
			);
			dependencies = (
			);
			name = "Tiktok CLone";
			productName = "Tiktok CLone";
			productReference = 95282CA02BACAAAA00DC634B /* Tiktok CLone.app */;
			productType = "com.apple.product-type.application";
		};
/* End PBXNativeTarget section */

/* Begin PBXProject section */
		95282C982BACAAAA00DC634B /* Project object */ = {
			isa = PBXProject;
			attributes = {
				BuildIndependentTargetsInParallel = 1;
				LastSwiftUpdateCheck = 1530;
				LastUpgradeCheck = 1530;
				TargetAttributes = {
					95282C9F2BACAAAA00DC634B = {
						CreatedOnToolsVersion = 15.3;
					};
				};
			};
			buildConfigurationList = 95282C9B2BACAAAA00DC634B /* Build configuration list for PBXProject "Tiktok CLone" */;
			compatibilityVersion = "Xcode 14.0";
			developmentRegion = en;
			hasScannedForEncodings = 0;
			knownRegions = (
				en,
				Base,
			);
			mainGroup = 95282C972BACAAAA00DC634B;
			productRefGroup = 95282CA12BACAAAA00DC634B /* Products */;
			projectDirPath = "";
			projectRoot = "";
			targets = (
				95282C9F2BACAAAA00DC634B /* Tiktok CLone */,
			);
		};
/* End PBXProject section */

/* Begin PBXResourcesBuildPhase section */
		95282C9E2BACAAAA00DC634B /* Resources */ = {
			isa = PBXResourcesBuildPhase;
			buildActionMask = 2147483647;
			files = (
				95282CAB2BACAAAB00DC634B /* Preview Assets.xcassets in Resources */,
				95282CA82BACAAAB00DC634B /* Assets.xcassets in Resources */,
			);
			runOnlyForDeploymentPostprocessing = 0;
		};
/* End PBXResourcesBuildPhase section */

/* Begin PBXSourcesBuildPhase section */
		95282C9C2BACAAAA00DC634B /* Sources */ = {
			isa = PBXSourcesBuildPhase;
			buildActionMask = 2147483647;
			files = (
				95282CC62BADD6D400DC634B /* FeedView.swift in Sources */,
				958A76E32BB0D141006CACBE /* CustomVideoPlayer.swift in Sources */,
				95282CC82BADD93500DC634B /* FeedCell.swift in Sources */,
				95282CD42BAF2D5200DC634B /* ProfileHeaderView.swift in Sources */,
				95282CA62BACAAAA00DC634B /* ContentView.swift in Sources */,
				95282CDA2BAF343400DC634B /* UserStatsView.swift in Sources */,
				958A76E12BB07979006CACBE /* FeedViewModel.swift in Sources */,
				958A76DC2BB078D0006CACBE /* Post.swift in Sources */,
				95282CA42BACAAAA00DC634B /* Tiktok_CLoneApp.swift in Sources */,
				95282CCA2BADE56800DC634B /* ExploreView.swift in Sources */,
				95282CC42BADCFD100DC634B /* MainTabView.swift in Sources */,
				95282CCC2BADE59300DC634B /* UserCell.swift in Sources */,
				95282CD62BAF2D9900DC634B /* PostGridView.swift in Sources */,
				95282CD02BAF251200DC634B /* NotificationsCell.swift in Sources */,
				95282CD22BAF2BE700DC634B /* CurrentUserProfileView.swift in Sources */,
				95282CCE2BAF24FB00DC634B /* NotificationsView.swift in Sources */,
			);
			runOnlyForDeploymentPostprocessing = 0;
		};
/* End PBXSourcesBuildPhase section */

/* Begin XCBuildConfiguration section */
		95282CAC2BACAAAB00DC634B /* Debug */ = {
			isa = XCBuildConfiguration;
			buildSettings = {
				ALWAYS_SEARCH_USER_PATHS = NO;
				ASSETCATALOG_COMPILER_GENERATE_SWIFT_ASSET_SYMBOL_EXTENSIONS = YES;
				CLANG_ANALYZER_NONNULL = YES;
				CLANG_ANALYZER_NUMBER_OBJECT_CONVERSION = YES_AGGRESSIVE;
				CLANG_CXX_LANGUAGE_STANDARD = "gnu++20";
				CLANG_ENABLE_MODULES = YES;
				CLANG_ENABLE_OBJC_ARC = YES;
				CLANG_ENABLE_OBJC_WEAK = YES;
				CLANG_WARN_BLOCK_CAPTURE_AUTORELEASING = YES;
				CLANG_WARN_BOOL_CONVERSION = YES;
				CLANG_WARN_COMMA = YES;
				CLANG_WARN_CONSTANT_CONVERSION = YES;
				CLANG_WARN_DEPRECATED_OBJC_IMPLEMENTATIONS = YES;
				CLANG_WARN_DIRECT_OBJC_ISA_USAGE = YES_ERROR;
				CLANG_WARN_DOCUMENTATION_COMMENTS = YES;
				CLANG_WARN_EMPTY_BODY = YES;
				CLANG_WARN_ENUM_CONVERSION = YES;
				CLANG_WARN_INFINITE_RECURSION = YES;
				CLANG_WARN_INT_CONVERSION = YES;
				CLANG_WARN_NON_LITERAL_NULL_CONVERSION = YES;
				CLANG_WARN_OBJC_IMPLICIT_RETAIN_SELF = YES;
				CLANG_WARN_OBJC_LITERAL_CONVERSION = YES;
				CLANG_WARN_OBJC_ROOT_CLASS = YES_ERROR;
				CLANG_WARN_QUOTED_INCLUDE_IN_FRAMEWORK_HEADER = YES;
				CLANG_WARN_RANGE_LOOP_ANALYSIS = YES;
				CLANG_WARN_STRICT_PROTOTYPES = YES;
				CLANG_WARN_SUSPICIOUS_MOVE = YES;
				CLANG_WARN_UNGUARDED_AVAILABILITY = YES_AGGRESSIVE;
				CLANG_WARN_UNREACHABLE_CODE = YES;
				CLANG_WARN__DUPLICATE_METHOD_MATCH = YES;
				COPY_PHASE_STRIP = NO;
				DEBUG_INFORMATION_FORMAT = dwarf;
				ENABLE_STRICT_OBJC_MSGSEND = YES;
				ENABLE_TESTABILITY = YES;
				ENABLE_USER_SCRIPT_SANDBOXING = YES;
				GCC_C_LANGUAGE_STANDARD = gnu17;
				GCC_DYNAMIC_NO_PIC = NO;
				GCC_NO_COMMON_BLOCKS = YES;
				GCC_OPTIMIZATION_LEVEL = 0;
				GCC_PREPROCESSOR_DEFINITIONS = (
					"DEBUG=1",
					"$(inherited)",
				);
				GCC_WARN_64_TO_32_BIT_CONVERSION = YES;
				GCC_WARN_ABOUT_RETURN_TYPE = YES_ERROR;
				GCC_WARN_UNDECLARED_SELECTOR = YES;
				GCC_WARN_UNINITIALIZED_AUTOS = YES_AGGRESSIVE;
				GCC_WARN_UNUSED_FUNCTION = YES;
				GCC_WARN_UNUSED_VARIABLE = YES;
				IPHONEOS_DEPLOYMENT_TARGET = 17.4;
				LOCALIZATION_PREFERS_STRING_CATALOGS = YES;
				MTL_ENABLE_DEBUG_INFO = INCLUDE_SOURCE;
				MTL_FAST_MATH = YES;
				ONLY_ACTIVE_ARCH = YES;
				SDKROOT = iphoneos;
				SWIFT_ACTIVE_COMPILATION_CONDITIONS = "DEBUG $(inherited)";
				SWIFT_OPTIMIZATION_LEVEL = "-Onone";
			};
			name = Debug;
		};
		95282CAD2BACAAAB00DC634B /* Release */ = {
			isa = XCBuildConfiguration;
			buildSettings = {
				ALWAYS_SEARCH_USER_PATHS = NO;
				ASSETCATALOG_COMPILER_GENERATE_SWIFT_ASSET_SYMBOL_EXTENSIONS = YES;
				CLANG_ANALYZER_NONNULL = YES;
				CLANG_ANALYZER_NUMBER_OBJECT_CONVERSION = YES_AGGRESSIVE;
				CLANG_CXX_LANGUAGE_STANDARD = "gnu++20";
				CLANG_ENABLE_MODULES = YES;
				CLANG_ENABLE_OBJC_ARC = YES;
				CLANG_ENABLE_OBJC_WEAK = YES;
				CLANG_WARN_BLOCK_CAPTURE_AUTORELEASING = YES;
				CLANG_WARN_BOOL_CONVERSION = YES;
				CLANG_WARN_COMMA = YES;
				CLANG_WARN_CONSTANT_CONVERSION = YES;
				CLANG_WARN_DEPRECATED_OBJC_IMPLEMENTATIONS = YES;
				CLANG_WARN_DIRECT_OBJC_ISA_USAGE = YES_ERROR;
				CLANG_WARN_DOCUMENTATION_COMMENTS = YES;
				CLANG_WARN_EMPTY_BODY = YES;
				CLANG_WARN_ENUM_CONVERSION = YES;
				CLANG_WARN_INFINITE_RECURSION = YES;
				CLANG_WARN_INT_CONVERSION = YES;
				CLANG_WARN_NON_LITERAL_NULL_CONVERSION = YES;
				CLANG_WARN_OBJC_IMPLICIT_RETAIN_SELF = YES;
				CLANG_WARN_OBJC_LITERAL_CONVERSION = YES;
				CLANG_WARN_OBJC_ROOT_CLASS = YES_ERROR;
				CLANG_WARN_QUOTED_INCLUDE_IN_FRAMEWORK_HEADER = YES;
				CLANG_WARN_RANGE_LOOP_ANALYSIS = YES;
				CLANG_WARN_STRICT_PROTOTYPES = YES;
				CLANG_WARN_SUSPICIOUS_MOVE = YES;
				CLANG_WARN_UNGUARDED_AVAILABILITY = YES_AGGRESSIVE;
				CLANG_WARN_UNREACHABLE_CODE = YES;
				CLANG_WARN__DUPLICATE_METHOD_MATCH = YES;
				COPY_PHASE_STRIP = NO;
				DEBUG_INFORMATION_FORMAT = "dwarf-with-dsym";
				ENABLE_NS_ASSERTIONS = NO;
				ENABLE_STRICT_OBJC_MSGSEND = YES;
				ENABLE_USER_SCRIPT_SANDBOXING = YES;
				GCC_C_LANGUAGE_STANDARD = gnu17;
				GCC_NO_COMMON_BLOCKS = YES;
				GCC_WARN_64_TO_32_BIT_CONVERSION = YES;
				GCC_WARN_ABOUT_RETURN_TYPE = YES_ERROR;
				GCC_WARN_UNDECLARED_SELECTOR = YES;
				GCC_WARN_UNINITIALIZED_AUTOS = YES_AGGRESSIVE;
				GCC_WARN_UNUSED_FUNCTION = YES;
				GCC_WARN_UNUSED_VARIABLE = YES;
				IPHONEOS_DEPLOYMENT_TARGET = 17.4;
				LOCALIZATION_PREFERS_STRING_CATALOGS = YES;
				MTL_ENABLE_DEBUG_INFO = NO;
				MTL_FAST_MATH = YES;
				SDKROOT = iphoneos;
				SWIFT_COMPILATION_MODE = wholemodule;
				VALIDATE_PRODUCT = YES;
			};
			name = Release;
		};
		95282CAF2BACAAAB00DC634B /* Debug */ = {
			isa = XCBuildConfiguration;
			buildSettings = {
				ASSETCATALOG_COMPILER_APPICON_NAME = AppIcon;
				ASSETCATALOG_COMPILER_GLOBAL_ACCENT_COLOR_NAME = AccentColor;
				CODE_SIGN_STYLE = Automatic;
				CURRENT_PROJECT_VERSION = 1;
				DEVELOPMENT_ASSET_PATHS = "\"Tiktok CLone/Preview Content\"";
				DEVELOPMENT_TEAM = 5F93SMYAKP;
				ENABLE_PREVIEWS = YES;
				GENERATE_INFOPLIST_FILE = YES;
				INFOPLIST_KEY_UIApplicationSceneManifest_Generation = YES;
				INFOPLIST_KEY_UIApplicationSupportsIndirectInputEvents = YES;
				INFOPLIST_KEY_UILaunchScreen_Generation = YES;
				INFOPLIST_KEY_UISupportedInterfaceOrientations_iPad = "UIInterfaceOrientationPortrait UIInterfaceOrientationPortraitUpsideDown UIInterfaceOrientationLandscapeLeft UIInterfaceOrientationLandscapeRight";
				INFOPLIST_KEY_UISupportedInterfaceOrientations_iPhone = "UIInterfaceOrientationPortrait UIInterfaceOrientationLandscapeLeft UIInterfaceOrientationLandscapeRight";
				LD_RUNPATH_SEARCH_PATHS = (
					"$(inherited)",
					"@executable_path/Frameworks",
				);
				MARKETING_VERSION = 1.0;
				PRODUCT_BUNDLE_IDENTIFIER = "com.yolimaPereira.Tiktok-CLone";
				PRODUCT_NAME = "$(TARGET_NAME)";
				SWIFT_EMIT_LOC_STRINGS = YES;
				SWIFT_VERSION = 5.0;
				TARGETED_DEVICE_FAMILY = "1,2";
			};
			name = Debug;
		};
		95282CB02BACAAAB00DC634B /* Release */ = {
			isa = XCBuildConfiguration;
			buildSettings = {
				ASSETCATALOG_COMPILER_APPICON_NAME = AppIcon;
				ASSETCATALOG_COMPILER_GLOBAL_ACCENT_COLOR_NAME = AccentColor;
				CODE_SIGN_STYLE = Automatic;
				CURRENT_PROJECT_VERSION = 1;
				DEVELOPMENT_ASSET_PATHS = "\"Tiktok CLone/Preview Content\"";
				DEVELOPMENT_TEAM = 5F93SMYAKP;
				ENABLE_PREVIEWS = YES;
				GENERATE_INFOPLIST_FILE = YES;
				INFOPLIST_KEY_UIApplicationSceneManifest_Generation = YES;
				INFOPLIST_KEY_UIApplicationSupportsIndirectInputEvents = YES;
				INFOPLIST_KEY_UILaunchScreen_Generation = YES;
				INFOPLIST_KEY_UISupportedInterfaceOrientations_iPad = "UIInterfaceOrientationPortrait UIInterfaceOrientationPortraitUpsideDown UIInterfaceOrientationLandscapeLeft UIInterfaceOrientationLandscapeRight";
				INFOPLIST_KEY_UISupportedInterfaceOrientations_iPhone = "UIInterfaceOrientationPortrait UIInterfaceOrientationLandscapeLeft UIInterfaceOrientationLandscapeRight";
				LD_RUNPATH_SEARCH_PATHS = (
					"$(inherited)",
					"@executable_path/Frameworks",
				);
				MARKETING_VERSION = 1.0;
				PRODUCT_BUNDLE_IDENTIFIER = "com.yolimaPereira.Tiktok-CLone";
				PRODUCT_NAME = "$(TARGET_NAME)";
				SWIFT_EMIT_LOC_STRINGS = YES;
				SWIFT_VERSION = 5.0;
				TARGETED_DEVICE_FAMILY = "1,2";
			};
			name = Release;
		};
/* End XCBuildConfiguration section */

/* Begin XCConfigurationList section */
		95282C9B2BACAAAA00DC634B /* Build configuration list for PBXProject "Tiktok CLone" */ = {
			isa = XCConfigurationList;
			buildConfigurations = (
				95282CAC2BACAAAB00DC634B /* Debug */,
				95282CAD2BACAAAB00DC634B /* Release */,
			);
			defaultConfigurationIsVisible = 0;
			defaultConfigurationName = Release;
		};
		95282CAE2BACAAAB00DC634B /* Build configuration list for PBXNativeTarget "Tiktok CLone" */ = {
			isa = XCConfigurationList;
			buildConfigurations = (
				95282CAF2BACAAAB00DC634B /* Debug */,
				95282CB02BACAAAB00DC634B /* Release */,
			);
			defaultConfigurationIsVisible = 0;
			defaultConfigurationName = Release;
		};
/* End XCConfigurationList section */
	};
	rootObject = 95282C982BACAAAA00DC634B /* Project object */;
}
